<?xml version="1.0" encoding="utf-8"?>
<Project ToolsVersion="4.0" xmlns="http://schemas.microsoft.com/developer/msbuild/2003">
  <ItemGroup>
    <Filter Include="Source Files">
      <UniqueIdentifier>{4FC737F1-C7A5-4376-A066-2A32D752A2FF}</UniqueIdentifier>
      <Extensions>cpp;c;cc;cxx;def;odl;idl;hpj;bat;asm;asmx</Extensions>
    </Filter>
    <Filter Include="Header Files">
      <UniqueIdentifier>{93995380-89BD-4b04-88EB-625FBE52EBFB}</UniqueIdentifier>
      <Extensions>h;hh;hpp;hxx;hm;inl;inc;xsd</Extensions>
    </Filter>
    <Filter Include="Resource Files">
      <UniqueIdentifier>{67DA6AB6-F800-4c08-8B7A-83BB121AAD01}</UniqueIdentifier>
      <Extensions>rc;ico;cur;bmp;dlg;rc2;rct;bin;rgs;gif;jpg;jpeg;jpe;resx;tiff;tif;png;wav;mfcribbon-ms</Extensions>
    </Filter>
    <Filter Include="Header Files\api">
      <UniqueIdentifier>{0c1e09a4-8631-42fb-96c6-f16578c35883}</UniqueIdentifier>
    </Filter>
    <Filter Include="Header Files\external">
      <UniqueIdentifier>{9c7aa23f-99ae-42c8-ace7-2d064d5acb1d}</UniqueIdentifier>
    </Filter>
  </ItemGroup>
  <ItemGroup>
    <ClCompile Include="..\mod_discord\src\api.cpp">
      <Filter>Source Files</Filter>
    </ClCompile>
    <ClCompile Include="..\mod_discord\src\api_channel.cpp">
      <Filter>Source Files</Filter>
    </ClCompile>
    <ClCompile Include="..\mod_discord\src\bot.cpp">
      <Filter>Source Files</Filter>
    </ClCompile>
    <ClCompile Include="..\mod_discord\src\channel.cpp">
      <Filter>Source Files</Filter>
    </ClCompile>
    <ClCompile Include="..\mod_discord\src\emoji.cpp">
      <Filter>Source Files</Filter>
    </ClCompile>
    <ClCompile Include="..\mod_discord\src\events.cpp">
      <Filter>Source Files</Filter>
    </ClCompile>
    <ClCompile Include="..\mod_discord\src\gateway.cpp">
      <Filter>Source Files</Filter>
    </ClCompile>
    <ClCompile Include="..\mod_discord\src\guild.cpp">
      <Filter>Source Files</Filter>
    </ClCompile>
    <ClCompile Include="..\mod_discord\src\member.cpp">
      <Filter>Source Files</Filter>
    </ClCompile>
    <ClCompile Include="..\mod_discord\src\message.cpp">
      <Filter>Source Files</Filter>
    </ClCompile>
    <ClCompile Include="..\mod_discord\src\role.cpp">
      <Filter>Source Files</Filter>
    </ClCompile>
    <ClCompile Include="..\mod_discord\src\user.cpp">
      <Filter>Source Files</Filter>
    </ClCompile>
    <ClCompile Include="..\mod_discord\src\voice.cpp">
      <Filter>Source Files</Filter>
    </ClCompile>
    <ClCompile Include="..\mod_discord\src\api_guild.cpp">
      <Filter>Source Files</Filter>
    </ClCompile>
  </ItemGroup>
  <ItemGroup>
    <None Include="packages.config" />
  </ItemGroup>
  <ItemGroup>
    <ClInclude Include="..\mod_discord\include\api.h">
      <Filter>Header Files</Filter>
    </ClInclude>
    <ClInclude Include="..\mod_discord\include\bot.h">
      <Filter>Header Files</Filter>
    </ClInclude>
    <ClInclude Include="..\mod_discord\include\channel.h">
      <Filter>Header Files</Filter>
    </ClInclude>
    <ClInclude Include="..\mod_discord\include\common.h">
      <Filter>Header Files</Filter>
    </ClInclude>
    <ClInclude Include="..\mod_discord\include\emoji.h">
      <Filter>Header Files</Filter>
    </ClInclude>
    <ClInclude Include="..\mod_discord\include\events.h">
      <Filter>Header Files</Filter>
    </ClInclude>
    <ClInclude Include="..\mod_discord\include\gateway.h">
      <Filter>Header Files</Filter>
    </ClInclude>
    <ClInclude Include="..\mod_discord\include\guild.h">
      <Filter>Header Files</Filter>
    </ClInclude>
    <ClInclude Include="..\mod_discord\include\identifiable.h">
      <Filter>Header Files</Filter>
    </ClInclude>
    <ClInclude Include="..\mod_discord\include\member.h">
      <Filter>Header Files</Filter>
    </ClInclude>
    <ClInclude Include="..\mod_discord\include\message.h">
      <Filter>Header Files</Filter>
    </ClInclude>
    <ClInclude Include="..\mod_discord\include\role.h">
      <Filter>Header Files</Filter>
    </ClInclude>
    <ClInclude Include="..\mod_discord\include\user.h">
      <Filter>Header Files</Filter>
    </ClInclude>
    <ClInclude Include="..\mod_discord\include\voice.h">
      <Filter>Header Files</Filter>
    </ClInclude>
    <ClInclude Include="..\mod_discord\include\external\json.hpp">
      <Filter>Header Files\external</Filter>
    </ClInclude>
    <ClInclude Include="..\mod_discord\include\api\api_channel.h">
      <Filter>Header Files\api</Filter>
    </ClInclude>
    <ClInclude Include="..\mod_discord\include\api\api_guild.h">
      <Filter>Header Files\api</Filter>
    </ClInclude>
  </ItemGroup>
</Project>