<?xml version="1.0" encoding="utf-8"?>
<Project ToolsVersion="4.0" xmlns="http://schemas.microsoft.com/developer/msbuild/2003">
  <ItemGroup>
    <Filter Include="Source Files">
      <UniqueIdentifier>{4FC737F1-C7A5-4376-A066-2A32D752A2FF}</UniqueIdentifier>
      <Extensions>cpp;c;cc;cxx;def;odl;idl;hpj;bat;asm;asmx</Extensions>
    </Filter>
    <Filter Include="Header Files">
      <UniqueIdentifier>{93995380-89BD-4b04-88EB-625FBE52EBFB}</UniqueIdentifier>
      <Extensions>h;hh;hpp;hxx;hm;inl;inc;xsd</Extensions>
    </Filter>
    <Filter Include="Resource Files">
      <UniqueIdentifier>{67DA6AB6-F800-4c08-8B7A-83BB121AAD01}</UniqueIdentifier>
      <Extensions>rc;ico;cur;bmp;dlg;rc2;rct;bin;rgs;gif;jpg;jpeg;jpe;resx;tiff;tif;png;wav;mfcribbon-ms</Extensions>
    </Filter>
    <Filter Include="Header Files\api">
      <UniqueIdentifier>{0c1e09a4-8631-42fb-96c6-f16578c35883}</UniqueIdentifier>
    </Filter>
    <Filter Include="Header Files\external">
      <UniqueIdentifier>{9c7aa23f-99ae-42c8-ace7-2d064d5acb1d}</UniqueIdentifier>
    </Filter>
    <Filter Include="Source Files\api">
      <UniqueIdentifier>{1d1df6af-c1a5-4ea2-9016-98902518e3e8}</UniqueIdentifier>
    </Filter>
    <Filter Include="Source Files\external">
      <UniqueIdentifier>{cea97137-1105-4abd-9de8-0ba3d1d52d44}</UniqueIdentifier>
    </Filter>
    <Filter Include="Header Files\event">
      <UniqueIdentifier>{d420a048-6f47-4e22-88f6-91bb3bb6c5a7}</UniqueIdentifier>
    </Filter>
    <Filter Include="Source Files\event">
      <UniqueIdentifier>{b92ee2ad-79b3-4a84-9309-0fe1744f3bb9}</UniqueIdentifier>
    </Filter>
  </ItemGroup>
  <ItemGroup>
    <None Include="packages.config" />
  </ItemGroup>
  <ItemGroup>
    <ClCompile Include="src\api.cpp">
      <Filter>Source Files</Filter>
    </ClCompile>
    <ClCompile Include="src\bot.cpp">
      <Filter>Source Files</Filter>
    </ClCompile>
    <ClCompile Include="src\channel.cpp">
      <Filter>Source Files</Filter>
    </ClCompile>
    <ClCompile Include="src\common.cpp">
      <Filter>Source Files</Filter>
    </ClCompile>
    <ClCompile Include="src\emoji.cpp">
      <Filter>Source Files</Filter>
    </ClCompile>
    <ClCompile Include="src\events.cpp">
      <Filter>Source Files</Filter>
    </ClCompile>
    <ClCompile Include="src\gateway.cpp">
      <Filter>Source Files</Filter>
    </ClCompile>
    <ClCompile Include="src\guild.cpp">
      <Filter>Source Files</Filter>
    </ClCompile>
    <ClCompile Include="src\member.cpp">
      <Filter>Source Files</Filter>
    </ClCompile>
    <ClCompile Include="src\message.cpp">
      <Filter>Source Files</Filter>
    </ClCompile>
    <ClCompile Include="src\role.cpp">
      <Filter>Source Files</Filter>
    </ClCompile>
    <ClCompile Include="src\user.cpp">
      <Filter>Source Files</Filter>
    </ClCompile>
    <ClCompile Include="src\voice.cpp">
      <Filter>Source Files</Filter>
    </ClCompile>
    <ClCompile Include="src\external\easylogging++.cc">
      <Filter>Source Files\external</Filter>
    </ClCompile>
    <ClCompile Include="src\api_channel.cpp">
      <Filter>Source Files\api</Filter>
    </ClCompile>
    <ClCompile Include="src\api_guild.cpp">
      <Filter>Source Files\api</Filter>
    </ClCompile>
    <ClCompile Include="src\event\event_message.cpp">
      <Filter>Source Files\event</Filter>
    </ClCompile>
    <ClCompile Include="src\invite.cpp">
      <Filter>Source Files</Filter>
    </ClCompile>
  </ItemGroup>
  <ItemGroup>
    <ClInclude Include="include\api.h">
      <Filter>Header Files</Filter>
    </ClInclude>
    <ClInclude Include="include\bot.h">
      <Filter>Header Files</Filter>
    </ClInclude>
    <ClInclude Include="include\channel.h">
      <Filter>Header Files</Filter>
    </ClInclude>
    <ClInclude Include="include\common.h">
      <Filter>Header Files</Filter>
    </ClInclude>
    <ClInclude Include="include\emoji.h">
      <Filter>Header Files</Filter>
    </ClInclude>
    <ClInclude Include="include\events.h">
      <Filter>Header Files</Filter>
    </ClInclude>
    <ClInclude Include="include\gateway.h">
      <Filter>Header Files</Filter>
    </ClInclude>
    <ClInclude Include="include\guild.h">
      <Filter>Header Files</Filter>
    </ClInclude>
    <ClInclude Include="include\identifiable.h">
      <Filter>Header Files</Filter>
    </ClInclude>
    <ClInclude Include="include\member.h">
      <Filter>Header Files</Filter>
    </ClInclude>
    <ClInclude Include="include\message.h">
      <Filter>Header Files</Filter>
    </ClInclude>
    <ClInclude Include="include\mod_discord.h">
      <Filter>Header Files</Filter>
    </ClInclude>
    <ClInclude Include="include\role.h">
      <Filter>Header Files</Filter>
    </ClInclude>
    <ClInclude Include="include\snowflake.h">
      <Filter>Header Files</Filter>
    </ClInclude>
    <ClInclude Include="include\user.h">
      <Filter>Header Files</Filter>
    </ClInclude>
    <ClInclude Include="include\voice.h">
      <Filter>Header Files</Filter>
    </ClInclude>
    <ClInclude Include="include\external\easylogging++.h">
      <Filter>Header Files\external</Filter>
    </ClInclude>
    <ClInclude Include="include\external\json.hpp">
      <Filter>Header Files\external</Filter>
    </ClInclude>
    <ClInclude Include="include\event\event_message.h">
      <Filter>Header Files\event</Filter>
    </ClInclude>
    <ClInclude Include="include\api\api_channel.h">
      <Filter>Header Files\api</Filter>
    </ClInclude>
    <ClInclude Include="include\api\api_guild.h">
      <Filter>Header Files\api</Filter>
    </ClInclude>
    <ClInclude Include="include\invite.h">
      <Filter>Header Files</Filter>
    </ClInclude>
  </ItemGroup>
</Project>