<?xml version="1.0" encoding="utf-8"?>
<Project ToolsVersion="4.0" xmlns="http://schemas.microsoft.com/developer/msbuild/2003">
  <ItemGroup>
    <Filter Include="Source Files">
      <UniqueIdentifier>{4FC737F1-C7A5-4376-A066-2A32D752A2FF}</UniqueIdentifier>
      <Extensions>cpp;c;cc;cxx;def;odl;idl;hpj;bat;asm;asmx</Extensions>
    </Filter>
    <Filter Include="Header Files">
      <UniqueIdentifier>{93995380-89BD-4b04-88EB-625FBE52EBFB}</UniqueIdentifier>
      <Extensions>h;hh;hpp;hxx;hm;inl;inc;xsd</Extensions>
    </Filter>
    <Filter Include="Resource Files">
      <UniqueIdentifier>{67DA6AB6-F800-4c08-8B7A-83BB121AAD01}</UniqueIdentifier>
      <Extensions>rc;ico;cur;bmp;dlg;rc2;rct;bin;rgs;gif;jpg;jpeg;jpe;resx;tiff;tif;png;wav;mfcribbon-ms</Extensions>
    </Filter>
    <Filter Include="Header Files\external">
      <UniqueIdentifier>{37993163-e5c9-4052-b8b9-f34ed7801690}</UniqueIdentifier>
    </Filter>
    <Filter Include="Header Files\api">
      <UniqueIdentifier>{db087a0b-3c36-4ceb-a153-0459f39bcf0f}</UniqueIdentifier>
    </Filter>
    <Filter Include="Source Files\api">
      <UniqueIdentifier>{81e5bcd0-b1a3-42c1-9581-9db11e21241d}</UniqueIdentifier>
    </Filter>
    <Filter Include="Source Files\event">
      <UniqueIdentifier>{8f9478bd-27b9-4854-99f6-26bc3d2555e8}</UniqueIdentifier>
    </Filter>
    <Filter Include="Header Files\event">
      <UniqueIdentifier>{899444b9-f273-4386-aed1-75e0279f0fbf}</UniqueIdentifier>
    </Filter>
  </ItemGroup>
  <ItemGroup>
    <ClInclude Include="external\json.hpp">
      <Filter>Header Files\external</Filter>
    </ClInclude>
    <ClInclude Include="gateway.h">
      <Filter>Header Files</Filter>
    </ClInclude>
    <ClInclude Include="guild.h">
      <Filter>Header Files</Filter>
    </ClInclude>
    <ClInclude Include="role.h">
      <Filter>Header Files</Filter>
    </ClInclude>
    <ClInclude Include="emoji.h">
      <Filter>Header Files</Filter>
    </ClInclude>
    <ClInclude Include="voice.h">
      <Filter>Header Files</Filter>
    </ClInclude>
    <ClInclude Include="member.h">
      <Filter>Header Files</Filter>
    </ClInclude>
    <ClInclude Include="user.h">
      <Filter>Header Files</Filter>
    </ClInclude>
    <ClInclude Include="channel.h">
      <Filter>Header Files</Filter>
    </ClInclude>
    <ClInclude Include="events.h">
      <Filter>Header Files</Filter>
    </ClInclude>
    <ClInclude Include="api.h">
      <Filter>Header Files</Filter>
    </ClInclude>
    <ClInclude Include="bot.h">
      <Filter>Header Files</Filter>
    </ClInclude>
    <ClInclude Include="common.h">
      <Filter>Header Files</Filter>
    </ClInclude>
    <ClInclude Include="api_channel.h">
      <Filter>Header Files\api</Filter>
    </ClInclude>
    <ClInclude Include="message.h">
      <Filter>Header Files</Filter>
    </ClInclude>
  </ItemGroup>
  <ItemGroup>
    <ClCompile Include="main.cpp">
      <Filter>Source Files</Filter>
    </ClCompile>
    <ClCompile Include="gateway.cpp">
      <Filter>Source Files</Filter>
    </ClCompile>
    <ClCompile Include="api.cpp">
      <Filter>Source Files</Filter>
    </ClCompile>
    <ClCompile Include="bot.cpp">
      <Filter>Source Files</Filter>
    </ClCompile>
    <ClCompile Include="role.cpp">
      <Filter>Source Files</Filter>
    </ClCompile>
    <ClCompile Include="emoji.cpp">
      <Filter>Source Files</Filter>
    </ClCompile>
    <ClCompile Include="voice.cpp">
      <Filter>Source Files</Filter>
    </ClCompile>
    <ClCompile Include="member.cpp">
      <Filter>Source Files</Filter>
    </ClCompile>
    <ClCompile Include="user.cpp">
      <Filter>Source Files</Filter>
    </ClCompile>
    <ClCompile Include="channel.cpp">
      <Filter>Source Files</Filter>
    </ClCompile>
    <ClCompile Include="guild.cpp">
      <Filter>Source Files</Filter>
    </ClCompile>
    <ClCompile Include="events.cpp">
      <Filter>Source Files</Filter>
    </ClCompile>
    <ClCompile Include="api_channel.cpp">
      <Filter>Source Files\api</Filter>
    </ClCompile>
    <ClCompile Include="message.cpp">
      <Filter>Source Files</Filter>
    </ClCompile>
  </ItemGroup>
  <ItemGroup>
    <None Include="packages.config" />
  </ItemGroup>
</Project>